
Microsoft Visual Studio Solution File, Format Version 12.00
# Visual Studio Version 17
VisualStudioVersion = 17.0.31903.59
MinimumVisualStudioVersion = 10.0.40219.1
Project("{FAE04EC0-301F-11D3-BF4B-00C04F79EFBC}") = "QuantCrypt.Core", "..\QuantCrypt.Core\QuantCrypt.Core.csproj", "{7E67D500-EE20-4DA2-BC7B-C4B09D65F9FE}"
EndProject
Project("{FAE04EC0-301F-11D3-BF4B-00C04F79EFBC}") = "QuantCrypt.Core.Tests", "..\QuantCrypt.Core.Tests\QuantCrypt.Core.Tests.csproj", "{FB8275A0-F984-47B1-B296-DBBBB21E81B5}"
EndProject
Project("{FAE04EC0-301F-11D3-BF4B-00C04F79EFBC}") = "QuantCrypt.Proxy", "..\QuantCrypt.Proxy\QuantCrypt.Proxy.csproj", "{FC30A571-C139-4F52-A29B-8E4D9B67D122}"
EndProject
Global
	GlobalSection(SolutionConfigurationPlatforms) = preSolution
		Debug|Any CPU = Debug|Any CPU
		Debug|x64 = Debug|x64
		Debug|x86 = Debug|x86
		Release|Any CPU = Release|Any CPU
		Release|x64 = Release|x64
		Release|x86 = Release|x86
	EndGlobalSection
	GlobalSection(ProjectConfigurationPlatforms) = postSolution
		{7E67D500-EE20-4DA2-BC7B-C4B09D65F9FE}.Debug|Any CPU.ActiveCfg = Debug|Any CPU
		{7E67D500-EE20-4DA2-BC7B-C4B09D65F9FE}.Debug|Any CPU.Build.0 = Debug|Any CPU
		{7E67D500-EE20-4DA2-BC7B-C4B09D65F9FE}.Debug|x64.ActiveCfg = Debug|Any CPU
		{7E67D500-EE20-4DA2-BC7B-C4B09D65F9FE}.Debug|x64.Build.0 = Debug|Any CPU
		{7E67D500-EE20-4DA2-BC7B-C4B09D65F9FE}.Debug|x86.ActiveCfg = Debug|Any CPU
		{7E67D500-EE20-4DA2-BC7B-C4B09D65F9FE}.Debug|x86.Build.0 = Debug|Any CPU
		{7E67D500-EE20-4DA2-BC7B-C4B09D65F9FE}.Release|Any CPU.ActiveCfg = Release|Any CPU
		{7E67D500-EE20-4DA2-BC7B-C4B09D65F9FE}.Release|Any CPU.Build.0 = Release|Any CPU
		{7E67D500-EE20-4DA2-BC7B-C4B09D65F9FE}.Release|x64.ActiveCfg = Release|Any CPU
		{7E67D500-EE20-4DA2-BC7B-C4B09D65F9FE}.Release|x64.Build.0 = Release|Any CPU
		{7E67D500-EE20-4DA2-BC7B-C4B09D65F9FE}.Release|x86.ActiveCfg = Release|Any CPU
		{7E67D500-EE20-4DA2-BC7B-C4B09D65F9FE}.Release|x86.Build.0 = Release|Any CPU
		{FB8275A0-F984-47B1-B296-DBBBB21E81B5}.Debug|Any CPU.ActiveCfg = Debug|Any CPU
		{FB8275A0-F984-47B1-B296-DBBBB21E81B5}.Debug|Any CPU.Build.0 = Debug|Any CPU
		{FB8275A0-F984-47B1-B296-DBBBB21E81B5}.Debug|x64.ActiveCfg = Debug|Any CPU
		{FB8275A0-F984-47B1-B296-DBBBB21E81B5}.Debug|x64.Build.0 = Debug|Any CPU
		{FB8275A0-F984-47B1-B296-DBBBB21E81B5}.Debug|x86.ActiveCfg = Debug|Any CPU
		{FB8275A0-F984-47B1-B296-DBBBB21E81B5}.Debug|x86.Build.0 = Debug|Any CPU
		{FB8275A0-F984-47B1-B296-DBBBB21E81B5}.Release|Any CPU.ActiveCfg = Release|Any CPU
		{FB8275A0-F984-47B1-B296-DBBBB21E81B5}.Release|Any CPU.Build.0 = Release|Any CPU
		{FB8275A0-F984-47B1-B296-DBBBB21E81B5}.Release|x64.ActiveCfg = Release|Any CPU
		{FB8275A0-F984-47B1-B296-DBBBB21E81B5}.Release|x64.Build.0 = Release|Any CPU
		{FB8275A0-F984-47B1-B296-DBBBB21E81B5}.Release|x86.ActiveCfg = Release|Any CPU
		{FB8275A0-F984-47B1-B296-DBBBB21E81B5}.Release|x86.Build.0 = Release|Any CPU
		{FC30A571-C139-4F52-A29B-8E4D9B67D122}.Debug|Any CPU.ActiveCfg = Debug|Any CPU
		{FC30A571-C139-4F52-A29B-8E4D9B67D122}.Debug|Any CPU.Build.0 = Debug|Any CPU
		{FC30A571-C139-4F52-A29B-8E4D9B67D122}.Debug|x64.ActiveCfg = Debug|Any CPU
		{FC30A571-C139-4F52-A29B-8E4D9B67D122}.Debug|x64.Build.0 = Debug|Any CPU
		{FC30A571-C139-4F52-A29B-8E4D9B67D122}.Debug|x86.ActiveCfg = Debug|Any CPU
		{FC30A571-C139-4F52-A29B-8E4D9B67D122}.Debug|x86.Build.0 = Debug|Any CPU
		{FC30A571-C139-4F52-A29B-8E4D9B67D122}.Release|Any CPU.ActiveCfg = Release|Any CPU
		{FC30A571-C139-4F52-A29B-8E4D9B67D122}.Release|Any CPU.Build.0 = Release|Any CPU
		{FC30A571-C139-4F52-A29B-8E4D9B67D122}.Release|x64.ActiveCfg = Release|Any CPU
		{FC30A571-C139-4F52-A29B-8E4D9B67D122}.Release|x64.Build.0 = Release|Any CPU
		{FC30A571-C139-4F52-A29B-8E4D9B67D122}.Release|x86.ActiveCfg = Release|Any CPU
		{FC30A571-C139-4F52-A29B-8E4D9B67D122}.Release|x86.Build.0 = Release|Any CPU
	EndGlobalSection
	GlobalSection(SolutionProperties) = preSolution
		HideSolutionNode = FALSE
	EndGlobalSection
EndGlobal
